
Microsoft Visual Studio Solution File, Format Version 12.00
# Visual Studio Version 17
VisualStudioVersion = 17.9.34728.123
MinimumVisualStudioVersion = 10.0.40219.1
Project("{2150E333-8FDC-42A3-9474-1A3956D46DE8}") = "1-Presentation", "1-Presentation", "{A19C761D-D1A7-405F-8846-D7339E5A0F81}"
EndProject
Project("{2150E333-8FDC-42A3-9474-1A3956D46DE8}") = "2-Application", "2-Application", "{ECA5B851-70A6-41CA-A0B6-71A408D5C429}"
EndProject
Project("{2150E333-8FDC-42A3-9474-1A3956D46DE8}") = "3-Domain", "3-Domain", "{0B5D216A-8AD1-4031-B71E-33E1BB4154A2}"
EndProject
Project("{2150E333-8FDC-42A3-9474-1A3956D46DE8}") = "4-Infra", "4-Infra", "{76C99A89-3382-438A-95D3-1BA9263D71EB}"
EndProject
Project("{2150E333-8FDC-42A3-9474-1A3956D46DE8}") = "Tests", "Tests", "{6DA06D82-45BB-44C6-9A07-A854C042C6EB}"
EndProject
Project("{2150E333-8FDC-42A3-9474-1A3956D46DE8}") = "src", "src", "{3F3380A0-443B-4C31-A5BF-8496B156C6A8}"
EndProject
Project("{9A19103F-16F7-4668-BE54-9A1E7A4F7556}") = "Tests", "Tests\Tests\Tests.csproj", "{8FC9CA9D-7142-4875-AB0D-E7C665D34D6C}"
EndProject
Project("{9A19103F-16F7-4668-BE54-9A1E7A4F7556}") = "Sistema.Vendas.Domain", "Sistema.Vendas.Domain\Sistema.Vendas.Domain.csproj", "{8FD3AC81-353A-40BF-9E90-D3FAA0FEC538}"
EndProject
Project("{FAE04EC0-301F-11D3-BF4B-00C04F79EFBC}") = "DDD.Infra.Mysql", "DDD.Infra.Mysql\DDD.Infra.Mysql.csproj", "{047ADBB0-3CDF-445D-94E9-0153DA92A04B}"
EndProject
Project("{2150E333-8FDC-42A3-9474-1A3956D46DE8}") = "Docker", "Docker", "{13F98767-BAFF-4F3C-AEB9-9D253BDE7AF2}"
	ProjectSection(SolutionItems) = preProject
		docker-compose.yaml = docker-compose.yaml
	EndProjectSection
EndProject
Project("{2150E333-8FDC-42A3-9474-1A3956D46DE8}") = "Mysql", "Mysql", "{6A83DA60-D2F0-4CE9-A919-344246E83338}"
EndProject
Global
	GlobalSection(SolutionConfigurationPlatforms) = preSolution
		Debug|Any CPU = Debug|Any CPU
		Release|Any CPU = Release|Any CPU
	EndGlobalSection
	GlobalSection(ProjectConfigurationPlatforms) = postSolution
		{8FC9CA9D-7142-4875-AB0D-E7C665D34D6C}.Debug|Any CPU.ActiveCfg = Debug|Any CPU
		{8FC9CA9D-7142-4875-AB0D-E7C665D34D6C}.Debug|Any CPU.Build.0 = Debug|Any CPU
		{8FC9CA9D-7142-4875-AB0D-E7C665D34D6C}.Release|Any CPU.ActiveCfg = Release|Any CPU
		{8FC9CA9D-7142-4875-AB0D-E7C665D34D6C}.Release|Any CPU.Build.0 = Release|Any CPU
		{8FD3AC81-353A-40BF-9E90-D3FAA0FEC538}.Debug|Any CPU.ActiveCfg = Debug|Any CPU
		{8FD3AC81-353A-40BF-9E90-D3FAA0FEC538}.Debug|Any CPU.Build.0 = Debug|Any CPU
		{8FD3AC81-353A-40BF-9E90-D3FAA0FEC538}.Release|Any CPU.ActiveCfg = Release|Any CPU
		{8FD3AC81-353A-40BF-9E90-D3FAA0FEC538}.Release|Any CPU.Build.0 = Release|Any CPU
		{047ADBB0-3CDF-445D-94E9-0153DA92A04B}.Debug|Any CPU.ActiveCfg = Debug|Any CPU
		{047ADBB0-3CDF-445D-94E9-0153DA92A04B}.Debug|Any CPU.Build.0 = Debug|Any CPU
		{047ADBB0-3CDF-445D-94E9-0153DA92A04B}.Release|Any CPU.ActiveCfg = Release|Any CPU
		{047ADBB0-3CDF-445D-94E9-0153DA92A04B}.Release|Any CPU.Build.0 = Release|Any CPU
	EndGlobalSection
	GlobalSection(SolutionProperties) = preSolution
		HideSolutionNode = FALSE
	EndGlobalSection
	GlobalSection(NestedProjects) = preSolution
		{A19C761D-D1A7-405F-8846-D7339E5A0F81} = {3F3380A0-443B-4C31-A5BF-8496B156C6A8}
		{ECA5B851-70A6-41CA-A0B6-71A408D5C429} = {3F3380A0-443B-4C31-A5BF-8496B156C6A8}
		{0B5D216A-8AD1-4031-B71E-33E1BB4154A2} = {3F3380A0-443B-4C31-A5BF-8496B156C6A8}
		{76C99A89-3382-438A-95D3-1BA9263D71EB} = {3F3380A0-443B-4C31-A5BF-8496B156C6A8}
		{8FC9CA9D-7142-4875-AB0D-E7C665D34D6C} = {6DA06D82-45BB-44C6-9A07-A854C042C6EB}
		{8FD3AC81-353A-40BF-9E90-D3FAA0FEC538} = {0B5D216A-8AD1-4031-B71E-33E1BB4154A2}
		{047ADBB0-3CDF-445D-94E9-0153DA92A04B} = {76C99A89-3382-438A-95D3-1BA9263D71EB}
		{6A83DA60-D2F0-4CE9-A919-344246E83338} = {13F98767-BAFF-4F3C-AEB9-9D253BDE7AF2}
	EndGlobalSection
	GlobalSection(ExtensibilityGlobals) = postSolution
		SolutionGuid = {92AC41F2-7F05-4794-93AC-E20DB525DCE7}
	EndGlobalSection
EndGlobal
